
Microsoft Visual Studio Solution File, Format Version 12.00
# Visual Studio Version 16
VisualStudioVersion = 16.0.29926.136
MinimumVisualStudioVersion = 10.0.40219.1
Project("{FAE04EC0-301F-11D3-BF4B-00C04F79EFBC}") = "Memoria", "Memoria\Memoria.csproj", "{698DEF90-94A2-4936-A90D-319BD3E1BC2F}"
EndProject
Global
	GlobalSection(SolutionConfigurationPlatforms) = preSolution
		Debug|Any CPU = Debug|Any CPU
		Release|Any CPU = Release|Any CPU
	EndGlobalSection
	GlobalSection(ProjectConfigurationPlatforms) = postSolution
		{698DEF90-94A2-4936-A90D-319BD3E1BC2F}.Debug|Any CPU.ActiveCfg = Debug|Any CPU
		{698DEF90-94A2-4936-A90D-319BD3E1BC2F}.Debug|Any CPU.Build.0 = Debug|Any CPU
		{698DEF90-94A2-4936-A90D-319BD3E1BC2F}.Debug|Any CPU.Deploy.0 = Debug|Any CPU
		{698DEF90-94A2-4936-A90D-319BD3E1BC2F}.Release|Any CPU.ActiveCfg = Release|Any CPU
		{698DEF90-94A2-4936-A90D-319BD3E1BC2F}.Release|Any CPU.Build.0 = Release|Any CPU
		{698DEF90-94A2-4936-A90D-319BD3E1BC2F}.Release|Any CPU.Deploy.0 = Release|Any CPU
	EndGlobalSection
	GlobalSection(SolutionProperties) = preSolution
		HideSolutionNode = FALSE
	EndGlobalSection
	GlobalSection(ExtensibilityGlobals) = postSolution
		SolutionGuid = {99C87B0C-D11D-4EB9-AA81-3626AF79493F}
	EndGlobalSection
EndGlobal
